
Microsoft Visual Studio Solution File, Format Version 12.00
Project("{FAE04EC0-301F-11D3-BF4B-00C04F79EFBC}") = "ZennoSite", "ZennoSite\ZennoSite.csproj", "{59DE2372-8AAC-4435-9F6D-AC68C0DDE14F}"
EndProject
Global
	GlobalSection(SolutionConfigurationPlatforms) = preSolution
		Debug|Any CPU = Debug|Any CPU
		Release|Any CPU = Release|Any CPU
	EndGlobalSection
	GlobalSection(ProjectConfigurationPlatforms) = postSolution
		{59DE2372-8AAC-4435-9F6D-AC68C0DDE14F}.Debug|Any CPU.ActiveCfg = Debug|Any CPU
		{59DE2372-8AAC-4435-9F6D-AC68C0DDE14F}.Debug|Any CPU.Build.0 = Debug|Any CPU
		{59DE2372-8AAC-4435-9F6D-AC68C0DDE14F}.Release|Any CPU.ActiveCfg = Release|Any CPU
		{59DE2372-8AAC-4435-9F6D-AC68C0DDE14F}.Release|Any CPU.Build.0 = Release|Any CPU
	EndGlobalSection
EndGlobal
